
Microsoft Visual Studio Solution File, Format Version 12.00
# Visual Studio Version 16
VisualStudioVersion = 16.0.32002.261
MinimumVisualStudioVersion = 10.0.40219.1
Project("{9A19103F-16F7-4668-BE54-9A1E7A4F7556}") = "MOHViewer", "MOHViewer.csproj", "{4F8FF9D1-40B9-4E0D-BCEA-2B118BF8D6AF}"
EndProject
Global
	GlobalSection(SolutionConfigurationPlatforms) = preSolution
		Debug|Any CPU = Debug|Any CPU
		Release|Any CPU = Release|Any CPU
	EndGlobalSection
	GlobalSection(ProjectConfigurationPlatforms) = postSolution
		{4F8FF9D1-40B9-4E0D-BCEA-2B118BF8D6AF}.Debug|Any CPU.ActiveCfg = Debug|Any CPU
		{4F8FF9D1-40B9-4E0D-BCEA-2B118BF8D6AF}.Debug|Any CPU.Build.0 = Debug|Any CPU
		{4F8FF9D1-40B9-4E0D-BCEA-2B118BF8D6AF}.Release|Any CPU.ActiveCfg = Release|Any CPU
		{4F8FF9D1-40B9-4E0D-BCEA-2B118BF8D6AF}.Release|Any CPU.Build.0 = Release|Any CPU
	EndGlobalSection
	GlobalSection(SolutionProperties) = preSolution
		HideSolutionNode = FALSE
	EndGlobalSection
	GlobalSection(ExtensibilityGlobals) = postSolution
		SolutionGuid = {5776F646-0CE0-4EBD-8D1D-4CAD6C040B94}
	EndGlobalSection
EndGlobal
